// !$*UTF8*$!
{
	archiveVersion = 1;
	classes = {
	};
	objectVersion = 50;
	objects = {

/* Begin PBXBuildFile section */
		F9134C7321AA867800EA30BB /* AppDelegate.swift in Sources */ = {isa = PBXBuildFile; fileRef = F9134C7221AA867800EA30BB /* AppDelegate.swift */; };
		F9134C7521AA867800EA30BB /* ViewController.swift in Sources */ = {isa = PBXBuildFile; fileRef = F9134C7421AA867800EA30BB /* ViewController.swift */; };
		F9134C7821AA867800EA30BB /* Main.storyboard in Resources */ = {isa = PBXBuildFile; fileRef = F9134C7621AA867800EA30BB /* Main.storyboard */; };
		F9134C7A21AA867900EA30BB /* Assets.xcassets in Resources */ = {isa = PBXBuildFile; fileRef = F9134C7921AA867900EA30BB /* Assets.xcassets */; };
		F9134C7D21AA867900EA30BB /* LaunchScreen.storyboard in Resources */ = {isa = PBXBuildFile; fileRef = F9134C7B21AA867900EA30BB /* LaunchScreen.storyboard */; };
		F9134C8921AA87E400EA30BB /* CalendarCell.xib in Resources */ = {isa = PBXBuildFile; fileRef = F9134C8821AA87E300EA30BB /* CalendarCell.xib */; };
		F9134C8B21AA87F100EA30BB /* CalendarCell.swift in Sources */ = {isa = PBXBuildFile; fileRef = F9134C8A21AA87F100EA30BB /* CalendarCell.swift */; };
		F9134C8D21AA8BC800EA30BB /* UIColor+.swift in Sources */ = {isa = PBXBuildFile; fileRef = F9134C8C21AA8BC800EA30BB /* UIColor+.swift */; };
		F9134C8F21AA906B00EA30BB /* DateManager.swift in Sources */ = {isa = PBXBuildFile; fileRef = F9134C8E21AA906B00EA30BB /* DateManager.swift */; };
/* End PBXBuildFile section */

/* Begin PBXFileReference section */
		F9134C6F21AA867800EA30BB /* CalendarView.app */ = {isa = PBXFileReference; explicitFileType = wrapper.application; includeInIndex = 0; path = CalendarView.app; sourceTree = BUILT_PRODUCTS_DIR; };
		F9134C7221AA867800EA30BB /* AppDelegate.swift */ = {isa = PBXFileReference; lastKnownFileType = sourcecode.swift; path = AppDelegate.swift; sourceTree = "<group>"; };
		F9134C7421AA867800EA30BB /* ViewController.swift */ = {isa = PBXFileReference; lastKnownFileType = sourcecode.swift; path = ViewController.swift; sourceTree = "<group>"; };
		F9134C7721AA867800EA30BB /* Base */ = {isa = PBXFileReference; lastKnownFileType = file.storyboard; name = Base; path = Base.lproj/Main.storyboard; sourceTree = "<group>"; };
		F9134C7921AA867900EA30BB /* Assets.xcassets */ = {isa = PBXFileReference; lastKnownFileType = folder.assetcatalog; path = Assets.xcassets; sourceTree = "<group>"; };
		F9134C7C21AA867900EA30BB /* Base */ = {isa = PBXFileReference; lastKnownFileType = file.storyboard; name = Base; path = Base.lproj/LaunchScreen.storyboard; sourceTree = "<group>"; };
		F9134C7E21AA867900EA30BB /* Info.plist */ = {isa = PBXFileReference; lastKnownFileType = text.plist.xml; path = Info.plist; sourceTree = "<group>"; };
		F9134C8821AA87E300EA30BB /* CalendarCell.xib */ = {isa = PBXFileReference; lastKnownFileType = file.xib; path = CalendarCell.xib; sourceTree = "<group>"; };
		F9134C8A21AA87F100EA30BB /* CalendarCell.swift */ = {isa = PBXFileReference; lastKnownFileType = sourcecode.swift; path = CalendarCell.swift; sourceTree = "<group>"; };
		F9134C8C21AA8BC800EA30BB /* UIColor+.swift */ = {isa = PBXFileReference; lastKnownFileType = sourcecode.swift; path = "UIColor+.swift"; sourceTree = "<group>"; };
		F9134C8E21AA906B00EA30BB /* DateManager.swift */ = {isa = PBXFileReference; lastKnownFileType = sourcecode.swift; path = DateManager.swift; sourceTree = "<group>"; };
/* End PBXFileReference section */

/* Begin PBXFrameworksBuildPhase section */
		F9134C6C21AA867800EA30BB /* Frameworks */ = {
			isa = PBXFrameworksBuildPhase;
			buildActionMask = 2147483647;
			files = (
			);
			runOnlyForDeploymentPostprocessing = 0;
		};
/* End PBXFrameworksBuildPhase section */

/* Begin PBXGroup section */
		F9134C6621AA867800EA30BB = {
			isa = PBXGroup;
			children = (
				F9134C7121AA867800EA30BB /* CalendarView */,
				F9134C7021AA867800EA30BB /* Products */,
			);
			sourceTree = "<group>";
		};
		F9134C7021AA867800EA30BB /* Products */ = {
			isa = PBXGroup;
			children = (
				F9134C6F21AA867800EA30BB /* CalendarView.app */,
			);
			name = Products;
			sourceTree = "<group>";
		};
		F9134C7121AA867800EA30BB /* CalendarView */ = {
			isa = PBXGroup;
			children = (
				F9134C7221AA867800EA30BB /* AppDelegate.swift */,
				F9134C7421AA867800EA30BB /* ViewController.swift */,
				F9134C8E21AA906B00EA30BB /* DateManager.swift */,
				F9134C8C21AA8BC800EA30BB /* UIColor+.swift */,
				F9134C8821AA87E300EA30BB /* CalendarCell.xib */,
				F9134C8A21AA87F100EA30BB /* CalendarCell.swift */,
				F9134C7621AA867800EA30BB /* Main.storyboard */,
				F9134C7921AA867900EA30BB /* Assets.xcassets */,
				F9134C7B21AA867900EA30BB /* LaunchScreen.storyboard */,
				F9134C7E21AA867900EA30BB /* Info.plist */,
			);
			path = CalendarView;
			sourceTree = "<group>";
		};
/* End PBXGroup section */

/* Begin PBXNativeTarget section */
		F9134C6E21AA867800EA30BB /* CalendarView */ = {
			isa = PBXNativeTarget;
			buildConfigurationList = F9134C8121AA867A00EA30BB /* Build configuration list for PBXNativeTarget "CalendarView" */;
			buildPhases = (
				F9134C6B21AA867800EA30BB /* Sources */,
				F9134C6C21AA867800EA30BB /* Frameworks */,
				F9134C6D21AA867800EA30BB /* Resources */,
			);
			buildRules = (
			);
			dependencies = (
			);
			name = CalendarView;
			productName = CalendarView;
			productReference = F9134C6F21AA867800EA30BB /* CalendarView.app */;
			productType = "com.apple.product-type.application";
		};
/* End PBXNativeTarget section */

/* Begin PBXProject section */
		F9134C6721AA867800EA30BB /* Project object */ = {
			isa = PBXProject;
			attributes = {
				LastSwiftUpdateCheck = 1010;
				LastUpgradeCheck = 1010;
				ORGANIZATIONNAME = "棤木亮翔";
				TargetAttributes = {
					F9134C6E21AA867800EA30BB = {
						CreatedOnToolsVersion = 10.1;
					};
				};
			};
			buildConfigurationList = F9134C6A21AA867800EA30BB /* Build configuration list for PBXProject "CalendarView" */;
			compatibilityVersion = "Xcode 9.3";
			developmentRegion = en;
			hasScannedForEncodings = 0;
			knownRegions = (
				en,
				Base,
			);
			mainGroup = F9134C6621AA867800EA30BB;
			productRefGroup = F9134C7021AA867800EA30BB /* Products */;
			projectDirPath = "";
			projectRoot = "";
			targets = (
				F9134C6E21AA867800EA30BB /* CalendarView */,
			);
		};
/* End PBXProject section */

/* Begin PBXResourcesBuildPhase section */
		F9134C6D21AA867800EA30BB /* Resources */ = {
			isa = PBXResourcesBuildPhase;
			buildActionMask = 2147483647;
			files = (
				F9134C7D21AA867900EA30BB /* LaunchScreen.storyboard in Resources */,
				F9134C7A21AA867900EA30BB /* Assets.xcassets in Resources */,
				F9134C7821AA867800EA30BB /* Main.storyboard in Resources */,
				F9134C8921AA87E400EA30BB /* CalendarCell.xib in Resources */,
			);
			runOnlyForDeploymentPostprocessing = 0;
		};
/* End PBXResourcesBuildPhase section */

/* Begin PBXSourcesBuildPhase section */
		F9134C6B21AA867800EA30BB /* Sources */ = {
			isa = PBXSourcesBuildPhase;
			buildActionMask = 2147483647;
			files = (
				F9134C7521AA867800EA30BB /* ViewController.swift in Sources */,
				F9134C8F21AA906B00EA30BB /* DateManager.swift in Sources */,
				F9134C8D21AA8BC800EA30BB /* UIColor+.swift in Sources */,
				F9134C8B21AA87F100EA30BB /* CalendarCell.swift in Sources */,
				F9134C7321AA867800EA30BB /* AppDelegate.swift in Sources */,
			);
			runOnlyForDeploymentPostprocessing = 0;
		};
/* End PBXSourcesBuildPhase section */

/* Begin PBXVariantGroup section */
		F9134C7621AA867800EA30BB /* Main.storyboard */ = {
			isa = PBXVariantGroup;
			children = (
				F9134C7721AA867800EA30BB /* Base */,
			);
			name = Main.storyboard;
			sourceTree = "<group>";
		};
		F9134C7B21AA867900EA30BB /* LaunchScreen.storyboard */ = {
			isa = PBXVariantGroup;
			children = (
				F9134C7C21AA867900EA30BB /* Base */,
			);
			name = LaunchScreen.storyboard;
			sourceTree = "<group>";
		};
/* End PBXVariantGroup section */

/* Begin XCBuildConfiguration section */
		F9134C7F21AA867A00EA30BB /* Debug */ = {
			isa = XCBuildConfiguration;
			buildSettings = {
				ALWAYS_SEARCH_USER_PATHS = NO;
				CLANG_ANALYZER_NONNULL = YES;
				CLANG_ANALYZER_NUMBER_OBJECT_CONVERSION = YES_AGGRESSIVE;
				CLANG_CXX_LANGUAGE_STANDARD = "gnu++14";
				CLANG_CXX_LIBRARY = "libc++";
				CLANG_ENABLE_MODULES = YES;
				CLANG_ENABLE_OBJC_ARC = YES;
				CLANG_ENABLE_OBJC_WEAK = YES;
				CLANG_WARN_BLOCK_CAPTURE_AUTORELEASING = YES;
				CLANG_WARN_BOOL_CONVERSION = YES;
				CLANG_WARN_COMMA = YES;
				CLANG_WARN_CONSTANT_CONVERSION = YES;
				CLANG_WARN_DEPRECATED_OBJC_IMPLEMENTATIONS = YES;
				CLANG_WARN_DIRECT_OBJC_ISA_USAGE = YES_ERROR;
				CLANG_WARN_DOCUMENTATION_COMMENTS = YES;
				CLANG_WARN_EMPTY_BODY = YES;
				CLANG_WARN_ENUM_CONVERSION = YES;
				CLANG_WARN_INFINITE_RECURSION = YES;
				CLANG_WARN_INT_CONVERSION = YES;
				CLANG_WARN_NON_LITERAL_NULL_CONVERSION = YES;
				CLANG_WARN_OBJC_IMPLICIT_RETAIN_SELF = YES;
				CLANG_WARN_OBJC_LITERAL_CONVERSION = YES;
				CLANG_WARN_OBJC_ROOT_CLASS = YES_ERROR;
				CLANG_WARN_RANGE_LOOP_ANALYSIS = YES;
				CLANG_WARN_STRICT_PROTOTYPES = YES;
				CLANG_WARN_SUSPICIOUS_MOVE = YES;
				CLANG_WARN_UNGUARDED_AVAILABILITY = YES_AGGRESSIVE;
				CLANG_WARN_UNREACHABLE_CODE = YES;
				CLANG_WARN__DUPLICATE_METHOD_MATCH = YES;
				CODE_SIGN_IDENTITY = "iPhone Developer";
				COPY_PHASE_STRIP = NO;
				DEBUG_INFORMATION_FORMAT = dwarf;
				ENABLE_STRICT_OBJC_MSGSEND = YES;
				ENABLE_TESTABILITY = YES;
				GCC_C_LANGUAGE_STANDARD = gnu11;
				GCC_DYNAMIC_NO_PIC = NO;
				GCC_NO_COMMON_BLOCKS = YES;
				GCC_OPTIMIZATION_LEVEL = 0;
				GCC_PREPROCESSOR_DEFINITIONS = (
					"DEBUG=1",
					"$(inherited)",
				);
				GCC_WARN_64_TO_32_BIT_CONVERSION = YES;
				GCC_WARN_ABOUT_RETURN_TYPE = YES_ERROR;
				GCC_WARN_UNDECLARED_SELECTOR = YES;
				GCC_WARN_UNINITIALIZED_AUTOS = YES_AGGRESSIVE;
				GCC_WARN_UNUSED_FUNCTION = YES;
				GCC_WARN_UNUSED_VARIABLE = YES;
				IPHONEOS_DEPLOYMENT_TARGET = 12.1;
				MTL_ENABLE_DEBUG_INFO = INCLUDE_SOURCE;
				MTL_FAST_MATH = YES;
				ONLY_ACTIVE_ARCH = YES;
				SDKROOT = iphoneos;
				SWIFT_ACTIVE_COMPILATION_CONDITIONS = DEBUG;
				SWIFT_OPTIMIZATION_LEVEL = "-Onone";
			};
			name = Debug;
		};
		F9134C8021AA867A00EA30BB /* Release */ = {
			isa = XCBuildConfiguration;
			buildSettings = {
				ALWAYS_SEARCH_USER_PATHS = NO;
				CLANG_ANALYZER_NONNULL = YES;
				CLANG_ANALYZER_NUMBER_OBJECT_CONVERSION = YES_AGGRESSIVE;
				CLANG_CXX_LANGUAGE_STANDARD = "gnu++14";
				CLANG_CXX_LIBRARY = "libc++";
				CLANG_ENABLE_MODULES = YES;
				CLANG_ENABLE_OBJC_ARC = YES;
				CLANG_ENABLE_OBJC_WEAK = YES;
				CLANG_WARN_BLOCK_CAPTURE_AUTORELEASING = YES;
				CLANG_WARN_BOOL_CONVERSION = YES;
				CLANG_WARN_COMMA = YES;
				CLANG_WARN_CONSTANT_CONVERSION = YES;
				CLANG_WARN_DEPRECATED_OBJC_IMPLEMENTATIONS = YES;
				CLANG_WARN_DIRECT_OBJC_ISA_USAGE = YES_ERROR;
				CLANG_WARN_DOCUMENTATION_COMMENTS = YES;
				CLANG_WARN_EMPTY_BODY = YES;
				CLANG_WARN_ENUM_CONVERSION = YES;
				CLANG_WARN_INFINITE_RECURSION = YES;
				CLANG_WARN_INT_CONVERSION = YES;
				CLANG_WARN_NON_LITERAL_NULL_CONVERSION = YES;
				CLANG_WARN_OBJC_IMPLICIT_RETAIN_SELF = YES;
				CLANG_WARN_OBJC_LITERAL_CONVERSION = YES;
				CLANG_WARN_OBJC_ROOT_CLASS = YES_ERROR;
				CLANG_WARN_RANGE_LOOP_ANALYSIS = YES;
				CLANG_WARN_STRICT_PROTOTYPES = YES;
				CLANG_WARN_SUSPICIOUS_MOVE = YES;
				CLANG_WARN_UNGUARDED_AVAILABILITY = YES_AGGRESSIVE;
				CLANG_WARN_UNREACHABLE_CODE = YES;
				CLANG_WARN__DUPLICATE_METHOD_MATCH = YES;
				CODE_SIGN_IDENTITY = "iPhone Developer";
				COPY_PHASE_STRIP = NO;
				DEBUG_INFORMATION_FORMAT = "dwarf-with-dsym";
				ENABLE_NS_ASSERTIONS = NO;
				ENABLE_STRICT_OBJC_MSGSEND = YES;
				GCC_C_LANGUAGE_STANDARD = gnu11;
				GCC_NO_COMMON_BLOCKS = YES;
				GCC_WARN_64_TO_32_BIT_CONVERSION = YES;
				GCC_WARN_ABOUT_RETURN_TYPE = YES_ERROR;
				GCC_WARN_UNDECLARED_SELECTOR = YES;
				GCC_WARN_UNINITIALIZED_AUTOS = YES_AGGRESSIVE;
				GCC_WARN_UNUSED_FUNCTION = YES;
				GCC_WARN_UNUSED_VARIABLE = YES;
				IPHONEOS_DEPLOYMENT_TARGET = 12.1;
				MTL_ENABLE_DEBUG_INFO = NO;
				MTL_FAST_MATH = YES;
				SDKROOT = iphoneos;
				SWIFT_COMPILATION_MODE = wholemodule;
				SWIFT_OPTIMIZATION_LEVEL = "-O";
				VALIDATE_PRODUCT = YES;
			};
			name = Release;
		};
		F9134C8221AA867A00EA30BB /* Debug */ = {
			isa = XCBuildConfiguration;
			buildSettings = {
				ASSETCATALOG_COMPILER_APPICON_NAME = AppIcon;
				CODE_SIGN_IDENTITY = "iPhone Developer";
				CODE_SIGN_STYLE = Automatic;
				DEVELOPMENT_TEAM = 662WVRJ7JE;
				INFOPLIST_FILE = CalendarView/Info.plist;
				LD_RUNPATH_SEARCH_PATHS = (
					"$(inherited)",
					"@executable_path/Frameworks",
				);
				PRODUCT_BUNDLE_IDENTIFIER = jp.narakky.CalendarView;
				PRODUCT_NAME = "$(TARGET_NAME)";
				PROVISIONING_PROFILE_SPECIFIER = "";
				SWIFT_VERSION = 4.2;
				TARGETED_DEVICE_FAMILY = "1,2";
			};
			name = Debug;
		};
		F9134C8321AA867A00EA30BB /* Release */ = {
			isa = XCBuildConfiguration;
			buildSettings = {
				ASSETCATALOG_COMPILER_APPICON_NAME = AppIcon;
				CODE_SIGN_IDENTITY = "iPhone Developer";
				CODE_SIGN_STYLE = Automatic;
				DEVELOPMENT_TEAM = 662WVRJ7JE;
				INFOPLIST_FILE = CalendarView/Info.plist;
				LD_RUNPATH_SEARCH_PATHS = (
					"$(inherited)",
					"@executable_path/Frameworks",
				);
				PRODUCT_BUNDLE_IDENTIFIER = jp.narakky.CalendarView;
				PRODUCT_NAME = "$(TARGET_NAME)";
				PROVISIONING_PROFILE_SPECIFIER = "";
				SWIFT_VERSION = 4.2;
				TARGETED_DEVICE_FAMILY = "1,2";
			};
			name = Release;
		};
/* End XCBuildConfiguration section */

/* Begin XCConfigurationList section */
		F9134C6A21AA867800EA30BB /* Build configuration list for PBXProject "CalendarView" */ = {
			isa = XCConfigurationList;
			buildConfigurations = (
				F9134C7F21AA867A00EA30BB /* Debug */,
				F9134C8021AA867A00EA30BB /* Release */,
			);
			defaultConfigurationIsVisible = 0;
			defaultConfigurationName = Release;
		};
		F9134C8121AA867A00EA30BB /* Build configuration list for PBXNativeTarget "CalendarView" */ = {
			isa = XCConfigurationList;
			buildConfigurations = (
				F9134C8221AA867A00EA30BB /* Debug */,
				F9134C8321AA867A00EA30BB /* Release */,
			);
			defaultConfigurationIsVisible = 0;
			defaultConfigurationName = Release;
		};
/* End XCConfigurationList section */
	};
	rootObject = F9134C6721AA867800EA30BB /* Project object */;
}
